# THIS IS AN AUTOGENERATED FILE. DO NOT EDIT THIS FILE DIRECTLY.
# yarn lockfile v1


"@types/code@^4.0.3":
  version "4.0.3"
  resolved "https://registry.yarnpkg.com/@types/code/-/code-4.0.3.tgz#9c4de39f86eb3eba070146d2dab7dbc3f8eac35f"

"@types/lodash@^4.14.55", "@types/lodash@^4.14.74":
  version "4.14.82"
  resolved "https://registry.yarnpkg.com/@types/lodash/-/lodash-4.14.82.tgz#18948897f415ef199a93156a66ef7ce1d0d005b9"

"@types/minimatch@3.x.x":
  version "3.0.1"
  resolved "https://registry.yarnpkg.com/@types/minimatch/-/minimatch-3.0.1.tgz#b683eb60be358304ef146f5775db4c0e3696a550"

"@types/node@^8.0.33":
  version "8.0.50"
  resolved "https://registry.yarnpkg.com/@types/node/-/node-8.0.50.tgz#dc545448e128c88c4eec7cd64025fcc3b7604541"

"@types/which@^1.0.28":
  version "1.0.28"
  resolved "https://registry.yarnpkg.com/@types/which/-/which-1.0.28.tgz#016e387629b8817bed653fe32eab5d11279c8df6"

ansi-256-colors@^1.1.0:
  version "1.1.0"
  resolved "https://registry.yarnpkg.com/ansi-256-colors/-/ansi-256-colors-1.1.0.tgz#910de50efcc7c09e3d82f2f87abd6b700c18818a"

ansi-regex@^2.0.0:
  version "2.1.1"
  resolved "https://registry.yarnpkg.com/ansi-regex/-/ansi-regex-2.1.1.tgz#c3b33ab5ee360d86e0e628f0468ae7ef27d654df"

ansi-styles@^2.2.1:
  version "2.2.1"
  resolved "https://registry.yarnpkg.com/ansi-styles/-/ansi-styles-2.2.1.tgz#b432dd3358b634cf75e1e4664368240533c1ddbe"

balanced-match@^1.0.0:
  version "1.0.0"
  resolved "https://registry.yarnpkg.com/balanced-match/-/balanced-match-1.0.0.tgz#89b4d199ab2bee49de164ea02b89ce462d71b767"

beautycolor@^1.0.7:
  version "1.0.11"
  resolved "https://registry.yarnpkg.com/beautycolor/-/beautycolor-1.0.11.tgz#71c5568d5a7ed5c144d3a54f753ad1b08862aea5"
  dependencies:
    ansi-256-colors "^1.1.0"
    typings-global "^1.0.14"

beautylog@^6.1.10:
  version "6.1.10"
  resolved "https://registry.yarnpkg.com/beautylog/-/beautylog-6.1.10.tgz#9c27e566937684cb689f9372d98cfa5415d50b72"
  dependencies:
    "@types/lodash" "^4.14.55"
    beautycolor "^1.0.7"
    figlet "^1.2.0"
    lodash "^4.17.4"
    ora "^1.1.0"
    smartenv "^2.0.0"
    smartq "^1.1.1"
    typings-global "^1.0.14"

bindings@^1.2.1:
  version "1.3.0"
  resolved "https://registry.yarnpkg.com/bindings/-/bindings-1.3.0.tgz#b346f6ecf6a95f5a815c5839fc7cdb22502f1ed7"

brace-expansion@^1.1.7:
  version "1.1.8"
  resolved "https://registry.yarnpkg.com/brace-expansion/-/brace-expansion-1.1.8.tgz#c07b211c7c952ec1f8efd51a77ef0d1d3990a292"
  dependencies:
    balanced-match "^1.0.0"
    concat-map "0.0.1"

chalk@^1.0.0, chalk@^1.1.1:
  version "1.1.3"
  resolved "https://registry.yarnpkg.com/chalk/-/chalk-1.1.3.tgz#a8115c55e4a702fe4d150abd3872822a7e09fc98"
  dependencies:
    ansi-styles "^2.2.1"
    escape-string-regexp "^1.0.2"
    has-ansi "^2.0.0"
    strip-ansi "^3.0.0"
    supports-color "^2.0.0"

cli-cursor@^2.1.0:
  version "2.1.0"
  resolved "https://registry.yarnpkg.com/cli-cursor/-/cli-cursor-2.1.0.tgz#b35dac376479facc3e94747d41d0d0f5238ffcb5"
  dependencies:
    restore-cursor "^2.0.0"

cli-spinners@^1.0.0:
  version "1.1.0"
  resolved "https://registry.yarnpkg.com/cli-spinners/-/cli-spinners-1.1.0.tgz#f1847b168844d917a671eb9d147e3df497c90d06"

code@^5.1.0:
  version "5.1.2"
  resolved "https://registry.yarnpkg.com/code/-/code-5.1.2.tgz#e3310c2078ca7dc0b49b9c39a8b0a7b06bd75efe"
  dependencies:
    hoek "5.x.x"

concat-map@0.0.1:
  version "0.0.1"
  resolved "https://registry.yarnpkg.com/concat-map/-/concat-map-0.0.1.tgz#d8a96bd77fd68df7793a73036a3ba0d5405d477b"

define-properties@^1.1.2:
  version "1.1.2"
  resolved "https://registry.yarnpkg.com/define-properties/-/define-properties-1.1.2.tgz#83a73f2fea569898fb737193c8f873caf6d45c94"
  dependencies:
    foreach "^2.0.5"
    object-keys "^1.0.8"

early@^2.1.1:
  version "2.1.1"
  resolved "https://registry.yarnpkg.com/early/-/early-2.1.1.tgz#841e23254ea5dc54d8afaeee82f5ab65c00ee23c"
  dependencies:
    beautycolor "^1.0.7"
    smartq "^1.1.1"
    typings-global "^1.0.16"

es-abstract@^1.5.1:
  version "1.9.0"
  resolved "https://registry.yarnpkg.com/es-abstract/-/es-abstract-1.9.0.tgz#690829a07cae36b222e7fd9b75c0d0573eb25227"
  dependencies:
    es-to-primitive "^1.1.1"
    function-bind "^1.1.1"
    has "^1.0.1"
    is-callable "^1.1.3"
    is-regex "^1.0.4"

es-to-primitive@^1.1.1:
  version "1.1.1"
  resolved "https://registry.yarnpkg.com/es-to-primitive/-/es-to-primitive-1.1.1.tgz#45355248a88979034b6792e19bb81f2b7975dd0d"
  dependencies:
    is-callable "^1.1.1"
    is-date-object "^1.0.1"
    is-symbol "^1.0.1"

es6-error@^4.0.2:
  version "4.0.2"
  resolved "https://registry.yarnpkg.com/es6-error/-/es6-error-4.0.2.tgz#eec5c726eacef51b7f6b73c20db6e1b13b069c98"

escape-string-regexp@^1.0.2:
  version "1.0.5"
  resolved "https://registry.yarnpkg.com/escape-string-regexp/-/escape-string-regexp-1.0.5.tgz#1b61c0562190a8dff6ae3bb2cf0200ca130b86d4"

figlet@^1.2.0:
  version "1.2.0"
  resolved "https://registry.yarnpkg.com/figlet/-/figlet-1.2.0.tgz#6c46537378fab649146b5a6143dda019b430b410"

foreach@^2.0.5:
  version "2.0.5"
  resolved "https://registry.yarnpkg.com/foreach/-/foreach-2.0.5.tgz#0bee005018aeb260d0a3af3ae658dd0136ec1b99"

fs.realpath@^1.0.0:
  version "1.0.0"
  resolved "https://registry.yarnpkg.com/fs.realpath/-/fs.realpath-1.0.0.tgz#1504ad2523158caa40db4a2787cb01411994ea4f"

function-bind@^1.0.2, function-bind@^1.1.1:
  version "1.1.1"
  resolved "https://registry.yarnpkg.com/function-bind/-/function-bind-1.1.1.tgz#a56899d3ea3c9bab874bb9773b7c5ede92f4895d"

glob@^7.0.0:
  version "7.1.2"
  resolved "https://registry.yarnpkg.com/glob/-/glob-7.1.2.tgz#c19c9df9a028702d678612384a6552404c636d15"
  dependencies:
    fs.realpath "^1.0.0"
    inflight "^1.0.4"
    inherits "2"
    minimatch "^3.0.4"
    once "^1.3.0"
    path-is-absolute "^1.0.0"

has-ansi@^2.0.0:
  version "2.0.0"
  resolved "https://registry.yarnpkg.com/has-ansi/-/has-ansi-2.0.0.tgz#34f5049ce1ecdf2b0649af3ef24e45ed35416d91"
  dependencies:
    ansi-regex "^2.0.0"

has@^1.0.1:
  version "1.0.1"
  resolved "https://registry.yarnpkg.com/has/-/has-1.0.1.tgz#8461733f538b0837c9361e39a9ab9e9704dc2f28"
  dependencies:
    function-bind "^1.0.2"

hoek@5.x.x:
  version "5.0.2"
  resolved "https://registry.yarnpkg.com/hoek/-/hoek-5.0.2.tgz#d2f2c95d36fe7189cf8aa8c237abc1950eca1378"

inflight@^1.0.4:
  version "1.0.6"
  resolved "https://registry.yarnpkg.com/inflight/-/inflight-1.0.6.tgz#49bd6331d7d02d0c09bc910a1075ba8165b56df9"
  dependencies:
    once "^1.3.0"
    wrappy "1"

inherits@2:
  version "2.0.3"
  resolved "https://registry.yarnpkg.com/inherits/-/inherits-2.0.3.tgz#633c2c83e3da42a502f52466022480f4208261de"

interpret@^1.0.0:
  version "1.0.4"
  resolved "https://registry.yarnpkg.com/interpret/-/interpret-1.0.4.tgz#820cdd588b868ffb191a809506d6c9c8f212b1b0"

is-callable@^1.1.1, is-callable@^1.1.3:
  version "1.1.3"
  resolved "https://registry.yarnpkg.com/is-callable/-/is-callable-1.1.3.tgz#86eb75392805ddc33af71c92a0eedf74ee7604b2"

is-date-object@^1.0.1:
  version "1.0.1"
  resolved "https://registry.yarnpkg.com/is-date-object/-/is-date-object-1.0.1.tgz#9aa20eb6aeebbff77fbd33e74ca01b33581d3a16"

is-regex@^1.0.4:
  version "1.0.4"
  resolved "https://registry.yarnpkg.com/is-regex/-/is-regex-1.0.4.tgz#5517489b547091b0930e095654ced25ee97e9491"
  dependencies:
    has "^1.0.1"

is-symbol@^1.0.1:
  version "1.0.1"
  resolved "https://registry.yarnpkg.com/is-symbol/-/is-symbol-1.0.1.tgz#3cc59f00025194b6ab2e38dbae6689256b660572"

isexe@^2.0.0:
  version "2.0.0"
  resolved "https://registry.yarnpkg.com/isexe/-/isexe-2.0.0.tgz#e8fbf374dc556ff8947a10dcb0572d633f2cfa10"

leakage@^0.3.0:
  version "0.3.0"
  resolved "https://registry.yarnpkg.com/leakage/-/leakage-0.3.0.tgz#15d698abdc76bbc6439601f4f3020e77e2d50c39"
  dependencies:
    es6-error "^4.0.2"
    left-pad "^1.1.3"
    memwatch-next "^0.3.0"
    minimist "^1.2.0"
    pretty-bytes "^4.0.2"

left-pad@^1.1.3:
  version "1.1.3"
  resolved "https://registry.yarnpkg.com/left-pad/-/left-pad-1.1.3.tgz#612f61c033f3a9e08e939f1caebeea41b6f3199a"

lik@^2.0.1:
  version "2.0.1"
  resolved "https://registry.yarnpkg.com/lik/-/lik-2.0.1.tgz#828be73de3e356d12ee020d1499b9a99538cfa3d"
  dependencies:
    "@types/lodash" "^4.14.74"
    "@types/minimatch" "3.x.x"
    lodash "^4.17.4"
    minimatch "^3.0.4"
    smartq "^1.1.6"
    typings-global "^1.0.20"

lodash@^4.17.4:
  version "4.17.4"
  resolved "https://registry.yarnpkg.com/lodash/-/lodash-4.17.4.tgz#78203a4d1c328ae1d86dca6460e369b57f4055ae"

log-symbols@^1.0.2:
  version "1.0.2"
  resolved "https://registry.yarnpkg.com/log-symbols/-/log-symbols-1.0.2.tgz#376ff7b58ea3086a0f09facc74617eca501e1a18"
  dependencies:
    chalk "^1.0.0"

memwatch-next@^0.3.0:
  version "0.3.0"
  resolved "https://registry.yarnpkg.com/memwatch-next/-/memwatch-next-0.3.0.tgz#2111050f9a906e0aa2d72a4ec0f0089c78726f8f"
  dependencies:
    bindings "^1.2.1"
    nan "^2.3.2"

mimic-fn@^1.0.0:
  version "1.1.0"
  resolved "https://registry.yarnpkg.com/mimic-fn/-/mimic-fn-1.1.0.tgz#e667783d92e89dbd342818b5230b9d62a672ad18"

minimatch@^3.0.4:
  version "3.0.4"
  resolved "https://registry.yarnpkg.com/minimatch/-/minimatch-3.0.4.tgz#5166e286457f03306064be5497e8dbb0c3d32083"
  dependencies:
    brace-expansion "^1.1.7"

minimist@^1.2.0:
  version "1.2.0"
  resolved "https://registry.yarnpkg.com/minimist/-/minimist-1.2.0.tgz#a35008b20f41383eec1fb914f4cd5df79a264284"

nan@^2.3.2:
  version "2.7.0"
  resolved "https://registry.yarnpkg.com/nan/-/nan-2.7.0.tgz#d95bf721ec877e08db276ed3fc6eb78f9083ad46"

object-keys@^1.0.8:
  version "1.0.11"
  resolved "https://registry.yarnpkg.com/object-keys/-/object-keys-1.0.11.tgz#c54601778ad560f1142ce0e01bcca8b56d13426d"

object.getownpropertydescriptors@^2.0.3:
  version "2.0.3"
  resolved "https://registry.yarnpkg.com/object.getownpropertydescriptors/-/object.getownpropertydescriptors-2.0.3.tgz#8758c846f5b407adab0f236e0986f14b051caa16"
  dependencies:
    define-properties "^1.1.2"
    es-abstract "^1.5.1"

once@^1.3.0:
  version "1.4.0"
  resolved "https://registry.yarnpkg.com/once/-/once-1.4.0.tgz#583b1aa775961d4b113ac17d9c50baef9dd76bd1"
  dependencies:
    wrappy "1"

onetime@^2.0.0:
  version "2.0.1"
  resolved "https://registry.yarnpkg.com/onetime/-/onetime-2.0.1.tgz#067428230fd67443b2794b22bba528b6867962d4"
  dependencies:
    mimic-fn "^1.0.0"

ora@^1.1.0:
  version "1.3.0"
  resolved "https://registry.yarnpkg.com/ora/-/ora-1.3.0.tgz#80078dd2b92a934af66a3ad72a5b910694ede51a"
  dependencies:
    chalk "^1.1.1"
    cli-cursor "^2.1.0"
    cli-spinners "^1.0.0"
    log-symbols "^1.0.2"

path-is-absolute@^1.0.0:
  version "1.0.1"
  resolved "https://registry.yarnpkg.com/path-is-absolute/-/path-is-absolute-1.0.1.tgz#174b9268735534ffbc7ace6bf53a5a9e1b5c5f5f"

path-parse@^1.0.5:
  version "1.0.5"
  resolved "https://registry.yarnpkg.com/path-parse/-/path-parse-1.0.5.tgz#3c1adf871ea9cd6c9431b6ea2bd74a0ff055c4c1"

pretty-bytes@^4.0.2:
  version "4.0.2"
  resolved "https://registry.yarnpkg.com/pretty-bytes/-/pretty-bytes-4.0.2.tgz#b2bf82e7350d65c6c33aa95aaa5a4f6327f61cd9"

rechoir@^0.6.2:
  version "0.6.2"
  resolved "https://registry.yarnpkg.com/rechoir/-/rechoir-0.6.2.tgz#85204b54dba82d5742e28c96756ef43af50e3384"
  dependencies:
    resolve "^1.1.6"

resolve@^1.1.6:
  version "1.5.0"
  resolved "https://registry.yarnpkg.com/resolve/-/resolve-1.5.0.tgz#1f09acce796c9a762579f31b2c1cc4c3cddf9f36"
  dependencies:
    path-parse "^1.0.5"

restore-cursor@^2.0.0:
  version "2.0.0"
  resolved "https://registry.yarnpkg.com/restore-cursor/-/restore-cursor-2.0.0.tgz#9f7ee287f82fd326d4fd162923d62129eee0dfaf"
  dependencies:
    onetime "^2.0.0"
    signal-exit "^3.0.2"

rxjs@^5.5.2:
  version "5.5.2"
  resolved "https://registry.yarnpkg.com/rxjs/-/rxjs-5.5.2.tgz#28d403f0071121967f18ad665563255d54236ac3"
  dependencies:
    symbol-observable "^1.0.1"

semver@^5.3.0:
  version "5.4.1"
  resolved "https://registry.yarnpkg.com/semver/-/semver-5.4.1.tgz#e059c09d8571f0540823733433505d3a2f00b18e"

shelljs@^0.7.8:
  version "0.7.8"
  resolved "https://registry.yarnpkg.com/shelljs/-/shelljs-0.7.8.tgz#decbcf874b0d1e5fb72e14b164a9683048e9acb3"
  dependencies:
    glob "^7.0.0"
    interpret "^1.0.0"
    rechoir "^0.6.2"

signal-exit@^3.0.2:
  version "3.0.2"
  resolved "https://registry.yarnpkg.com/signal-exit/-/signal-exit-3.0.2.tgz#b5fdc08f1287ea1178628e415e25132b73646c6d"

smartchai@^1.0.3:
  version "1.0.8"
  resolved "https://registry.yarnpkg.com/smartchai/-/smartchai-1.0.8.tgz#a074836f4ddd4b98c50f1e7ae9e8e8ad9f6f1902"
  dependencies:
    "@types/code" "^4.0.3"
    code "^5.1.0"
    typings-global "^1.0.20"

smartdelay@^1.0.3:
  version "1.0.4"
  resolved "https://registry.yarnpkg.com/smartdelay/-/smartdelay-1.0.4.tgz#791c1a4ee6770494064c10b1d2d2b8e6f3105b82"
  dependencies:
    smartq "^1.1.1"
    typings-global "^1.0.16"

smartenv@^2.0.0:
  version "2.0.6"
  resolved "https://registry.yarnpkg.com/smartenv/-/smartenv-2.0.6.tgz#b38c679b0c151b9af548f68c3a072c29d1417e8d"
  dependencies:
    lodash "^4.17.4"
    smartq "^1.1.1"
    typings-global "^1.0.14"

smartevent@^1.0.1:
  version "1.0.1"
  resolved "https://registry.yarnpkg.com/smartevent/-/smartevent-1.0.1.tgz#13d2bf2cf094ebdf17813fa0d46041f817a302aa"
  dependencies:
    smartq "^1.1.1"
    typings-global "^1.0.16"

smartpdf@0.0.0:
  version "0.0.0"
  resolved "https://registry.yarnpkg.com/smartpdf/-/smartpdf-0.0.0.tgz#40531164866f5351cd0c59fc841bb4f3d6473898"

smartq@^1.1.1, smartq@^1.1.6:
  version "1.1.6"
  resolved "https://registry.yarnpkg.com/smartq/-/smartq-1.1.6.tgz#0c1ff4336d95e95b4f1fdd8ccd7e2c5a323b8412"
  dependencies:
    typings-global "^1.0.19"
    util.promisify "^1.0.0"

smartrx@^1.0.5:
  version "1.0.5"
  resolved "https://registry.yarnpkg.com/smartrx/-/smartrx-1.0.5.tgz#28dc7bcaf5a33b13cfdf355572bcaf3ebb896e74"
  dependencies:
    lik "^2.0.1"
    rxjs "^5.5.2"
    smartevent "^1.0.1"
    smartq "^1.1.6"
    typings-global "^1.0.23"

smartshell@^1.0.6:
  version "1.0.19"
  resolved "https://registry.yarnpkg.com/smartshell/-/smartshell-1.0.19.tgz#459c7a9fab8a25007848ffc711b7a817dd6ffc00"
  dependencies:
    "@types/which" "^1.0.28"
    shelljs "^0.7.8"
    smartq "^1.1.6"
    typings-global "^1.0.23"
    which "^1.3.0"

strip-ansi@^3.0.0:
  version "3.0.1"
  resolved "https://registry.yarnpkg.com/strip-ansi/-/strip-ansi-3.0.1.tgz#6a385fb8853d952d5ff05d0e8aaf94278dc63dcf"
  dependencies:
    ansi-regex "^2.0.0"

supports-color@^2.0.0:
  version "2.0.0"
  resolved "https://registry.yarnpkg.com/supports-color/-/supports-color-2.0.0.tgz#535d045ce6b6363fa40117084629995e9df324c7"

symbol-observable@^1.0.1:
  version "1.0.4"
  resolved "https://registry.yarnpkg.com/symbol-observable/-/symbol-observable-1.0.4.tgz#29bf615d4aa7121bdd898b22d4b3f9bc4e2aa03d"

tapbundle@^1.1.8:
  version "1.1.8"
  resolved "https://registry.yarnpkg.com/tapbundle/-/tapbundle-1.1.8.tgz#e08aee0e100a830d8a26a583a85d37ce53312e02"
  dependencies:
    "@types/node" "^8.0.33"
    early "^2.1.1"
    leakage "^0.3.0"
    smartchai "^1.0.3"
    smartdelay "^1.0.3"
    smartq "^1.1.1"
    typings-global "^1.0.19"

tsclass@^1.0.16:
  version "1.0.16"
  resolved "https://registry.yarnpkg.com/tsclass/-/tsclass-1.0.16.tgz#d9fbb7fd00b220d45fe9a1b5305ef164e2f9851a"

typings-global@^1.0.14, typings-global@^1.0.16, typings-global@^1.0.19, typings-global@^1.0.20, typings-global@^1.0.23:
  version "1.0.23"
  resolved "https://registry.yarnpkg.com/typings-global/-/typings-global-1.0.23.tgz#cdd085803049dd07d95b2e1475243c6b2db378ab"
  dependencies:
    semver "^5.3.0"
    smartshell "^1.0.6"

util.promisify@^1.0.0:
  version "1.0.0"
  resolved "https://registry.yarnpkg.com/util.promisify/-/util.promisify-1.0.0.tgz#440f7165a459c9a16dc145eb8e72f35687097030"
  dependencies:
    define-properties "^1.1.2"
    object.getownpropertydescriptors "^2.0.3"

which@^1.3.0:
  version "1.3.0"
  resolved "https://registry.yarnpkg.com/which/-/which-1.3.0.tgz#ff04bdfc010ee547d780bec38e1ac1c2777d253a"
  dependencies:
    isexe "^2.0.0"

wrappy@1:
  version "1.0.2"
  resolved "https://registry.yarnpkg.com/wrappy/-/wrappy-1.0.2.tgz#b5243d8f3ec1aa35f1364605bc0d1036e30ab69f"
